// !$*UTF8*$!
{
	archiveVersion = 1;
	classes = {
	};
	objectVersion = 46;
	objects = {

/* Begin PBXBuildFile section */
		16F0BEE3FDF14806AC454839 /* libPods.a in Frameworks */ = {isa = PBXBuildFile; fileRef = 27DE1EDCF0A9430699DC95EA /* libPods.a */; };
		BD29686716ECA6BA009D6397 /* LDHeadCell.m in Sources */ = {isa = PBXBuildFile; fileRef = BD29686616ECA6BA009D6397 /* LDHeadCell.m */; };
		BD42A3FB16EFBDD6002FFF6E /* CoreText.framework in Frameworks */ = {isa = PBXBuildFile; fileRef = BD42A3FA16EFBDD6002FFF6E /* CoreText.framework */; };
		BD80E3F516FA254A00CB9ED6 /* LDNavigationBar.m in Sources */ = {isa = PBXBuildFile; fileRef = BD80E3F416FA254A00CB9ED6 /* LDNavigationBar.m */; };
		BD84A0EF16FFA38C001BB4D2 /* Icon.png in Resources */ = {isa = PBXBuildFile; fileRef = BD84A0ED16FFA38C001BB4D2 /* Icon.png */; };
		BD84A0F016FFA38C001BB4D2 /* Icon@2x.png in Resources */ = {isa = PBXBuildFile; fileRef = BD84A0EE16FFA38C001BB4D2 /* Icon@2x.png */; };
		BDC1DC35173EB2B10057BC7F /* LDViewController.m in Sources */ = {isa = PBXBuildFile; fileRef = BDC1DC34173EB2B10057BC7F /* LDViewController.m */; };
		BDC1DC39173EB8130057BC7F /* Default-568h@2x.png in Resources */ = {isa = PBXBuildFile; fileRef = BDC1DC38173EB8130057BC7F /* Default-568h@2x.png */; };
		BDCA395E16F7030C008ACE8B /* InfoPlist.strings in Resources */ = {isa = PBXBuildFile; fileRef = BDCA395D16F7030C008ACE8B /* InfoPlist.strings */; };
		BDFF507916E5D72C009ED9AE /* UIKit.framework in Frameworks */ = {isa = PBXBuildFile; fileRef = BDFF507816E5D72C009ED9AE /* UIKit.framework */; };
		BDFF507B16E5D72C009ED9AE /* Foundation.framework in Frameworks */ = {isa = PBXBuildFile; fileRef = BDFF507A16E5D72C009ED9AE /* Foundation.framework */; };
		BDFF507D16E5D72C009ED9AE /* CoreGraphics.framework in Frameworks */ = {isa = PBXBuildFile; fileRef = BDFF507C16E5D72C009ED9AE /* CoreGraphics.framework */; };
		BDFF508316E5D72C009ED9AE /* InfoPlist.strings in Resources */ = {isa = PBXBuildFile; fileRef = BDFF508116E5D72C009ED9AE /* InfoPlist.strings */; };
		BDFF508516E5D72C009ED9AE /* main.m in Sources */ = {isa = PBXBuildFile; fileRef = BDFF508416E5D72C009ED9AE /* main.m */; };
		BDFF508916E5D72C009ED9AE /* LDAppDelegate.m in Sources */ = {isa = PBXBuildFile; fileRef = BDFF508816E5D72C009ED9AE /* LDAppDelegate.m */; };
		BDFF50A016E5E010009ED9AE /* LDCurrencyCell.m in Sources */ = {isa = PBXBuildFile; fileRef = BDFF509F16E5E010009ED9AE /* LDCurrencyCell.m */; };
		BDFF50C716E6441B009ED9AE /* CFNetwork.framework in Frameworks */ = {isa = PBXBuildFile; fileRef = BDFF50C616E6441B009ED9AE /* CFNetwork.framework */; };
		BDFF50C916E6454C009ED9AE /* SystemConfiguration.framework in Frameworks */ = {isa = PBXBuildFile; fileRef = BDFF50C816E6454C009ED9AE /* SystemConfiguration.framework */; };
		BDFF50CB16E64553009ED9AE /* MobileCoreServices.framework in Frameworks */ = {isa = PBXBuildFile; fileRef = BDFF50CA16E64553009ED9AE /* MobileCoreServices.framework */; };
		BDFF50CD16E64571009ED9AE /* libz.dylib in Frameworks */ = {isa = PBXBuildFile; fileRef = BDFF50CC16E64571009ED9AE /* libz.dylib */; };
		BDFF50D316E6498E009ED9AE /* CurrencyKeys.plist in Resources */ = {isa = PBXBuildFile; fileRef = BDFF50D216E6498E009ED9AE /* CurrencyKeys.plist */; };
/* End PBXBuildFile section */

/* Begin PBXFileReference section */
		27DE1EDCF0A9430699DC95EA /* libPods.a */ = {isa = PBXFileReference; explicitFileType = archive.ar; includeInIndex = 0; path = libPods.a; sourceTree = BUILT_PRODUCTS_DIR; };
		9497B61955BA44EEB08338A3 /* Pods.xcconfig */ = {isa = PBXFileReference; includeInIndex = 1; lastKnownFileType = text.xcconfig; name = Pods.xcconfig; path = Pods/Pods.xcconfig; sourceTree = SOURCE_ROOT; };
		BD29686516ECA6BA009D6397 /* LDHeadCell.h */ = {isa = PBXFileReference; fileEncoding = 4; lastKnownFileType = sourcecode.c.h; path = LDHeadCell.h; sourceTree = "<group>"; };
		BD29686616ECA6BA009D6397 /* LDHeadCell.m */ = {isa = PBXFileReference; fileEncoding = 4; lastKnownFileType = sourcecode.c.objc; path = LDHeadCell.m; sourceTree = "<group>"; };
		BD42A3FA16EFBDD6002FFF6E /* CoreText.framework */ = {isa = PBXFileReference; lastKnownFileType = wrapper.framework; name = CoreText.framework; path = System/Library/Frameworks/CoreText.framework; sourceTree = SDKROOT; };
		BD42A3FC16EFBE13002FFF6E /* QuartzCore.framework */ = {isa = PBXFileReference; lastKnownFileType = wrapper.framework; name = QuartzCore.framework; path = System/Library/Frameworks/QuartzCore.framework; sourceTree = SDKROOT; };
		BD80E3F316FA254A00CB9ED6 /* LDNavigationBar.h */ = {isa = PBXFileReference; fileEncoding = 4; lastKnownFileType = sourcecode.c.h; path = LDNavigationBar.h; sourceTree = "<group>"; };
		BD80E3F416FA254A00CB9ED6 /* LDNavigationBar.m */ = {isa = PBXFileReference; fileEncoding = 4; lastKnownFileType = sourcecode.c.objc; path = LDNavigationBar.m; sourceTree = "<group>"; };
		BD84A0ED16FFA38C001BB4D2 /* Icon.png */ = {isa = PBXFileReference; lastKnownFileType = image.png; path = Icon.png; sourceTree = "<group>"; };
		BD84A0EE16FFA38C001BB4D2 /* Icon@2x.png */ = {isa = PBXFileReference; lastKnownFileType = image.png; path = "Icon@2x.png"; sourceTree = "<group>"; };
		BDBF7899174280B100A92BEC /* LDHelper.h */ = {isa = PBXFileReference; fileEncoding = 4; lastKnownFileType = sourcecode.c.h; path = LDHelper.h; sourceTree = "<group>"; };
		BDC1DC33173EB2B10057BC7F /* LDViewController.h */ = {isa = PBXFileReference; fileEncoding = 4; lastKnownFileType = sourcecode.c.h; path = LDViewController.h; sourceTree = "<group>"; };
		BDC1DC34173EB2B10057BC7F /* LDViewController.m */ = {isa = PBXFileReference; fileEncoding = 4; lastKnownFileType = sourcecode.c.objc; path = LDViewController.m; sourceTree = "<group>"; };
		BDC1DC38173EB8130057BC7F /* Default-568h@2x.png */ = {isa = PBXFileReference; lastKnownFileType = image.png; path = "Default-568h@2x.png"; sourceTree = "<group>"; };
		BDCA395D16F7030C008ACE8B /* InfoPlist.strings */ = {isa = PBXFileReference; fileEncoding = 4; lastKnownFileType = text.plist.strings; path = InfoPlist.strings; sourceTree = "<group>"; };
		BDFF507516E5D72C009ED9AE /* CurrencyApp.app */ = {isa = PBXFileReference; explicitFileType = wrapper.application; includeInIndex = 0; path = CurrencyApp.app; sourceTree = BUILT_PRODUCTS_DIR; };
		BDFF507816E5D72C009ED9AE /* UIKit.framework */ = {isa = PBXFileReference; lastKnownFileType = wrapper.framework; name = UIKit.framework; path = System/Library/Frameworks/UIKit.framework; sourceTree = SDKROOT; };
		BDFF507A16E5D72C009ED9AE /* Foundation.framework */ = {isa = PBXFileReference; lastKnownFileType = wrapper.framework; name = Foundation.framework; path = System/Library/Frameworks/Foundation.framework; sourceTree = SDKROOT; };
		BDFF507C16E5D72C009ED9AE /* CoreGraphics.framework */ = {isa = PBXFileReference; lastKnownFileType = wrapper.framework; name = CoreGraphics.framework; path = System/Library/Frameworks/CoreGraphics.framework; sourceTree = SDKROOT; };
		BDFF508016E5D72C009ED9AE /* CurrencyApp-Info.plist */ = {isa = PBXFileReference; lastKnownFileType = text.plist.xml; path = "CurrencyApp-Info.plist"; sourceTree = "<group>"; };
		BDFF508216E5D72C009ED9AE /* en */ = {isa = PBXFileReference; lastKnownFileType = text.plist.strings; name = en; path = en.lproj/InfoPlist.strings; sourceTree = "<group>"; };
		BDFF508416E5D72C009ED9AE /* main.m */ = {isa = PBXFileReference; lastKnownFileType = sourcecode.c.objc; path = main.m; sourceTree = "<group>"; };
		BDFF508616E5D72C009ED9AE /* CurrencyApp-Prefix.pch */ = {isa = PBXFileReference; lastKnownFileType = sourcecode.c.h; path = "CurrencyApp-Prefix.pch"; sourceTree = "<group>"; };
		BDFF508716E5D72C009ED9AE /* LDAppDelegate.h */ = {isa = PBXFileReference; lastKnownFileType = sourcecode.c.h; path = LDAppDelegate.h; sourceTree = "<group>"; };
		BDFF508816E5D72C009ED9AE /* LDAppDelegate.m */ = {isa = PBXFileReference; lastKnownFileType = sourcecode.c.objc; path = LDAppDelegate.m; sourceTree = "<group>"; };
		BDFF509E16E5E00F009ED9AE /* LDCurrencyCell.h */ = {isa = PBXFileReference; fileEncoding = 4; lastKnownFileType = sourcecode.c.h; path = LDCurrencyCell.h; sourceTree = "<group>"; };
		BDFF509F16E5E010009ED9AE /* LDCurrencyCell.m */ = {isa = PBXFileReference; fileEncoding = 4; lastKnownFileType = sourcecode.c.objc; path = LDCurrencyCell.m; sourceTree = "<group>"; };
		BDFF50C616E6441B009ED9AE /* CFNetwork.framework */ = {isa = PBXFileReference; lastKnownFileType = wrapper.framework; name = CFNetwork.framework; path = System/Library/Frameworks/CFNetwork.framework; sourceTree = SDKROOT; };
		BDFF50C816E6454C009ED9AE /* SystemConfiguration.framework */ = {isa = PBXFileReference; lastKnownFileType = wrapper.framework; name = SystemConfiguration.framework; path = System/Library/Frameworks/SystemConfiguration.framework; sourceTree = SDKROOT; };
		BDFF50CA16E64553009ED9AE /* MobileCoreServices.framework */ = {isa = PBXFileReference; lastKnownFileType = wrapper.framework; name = MobileCoreServices.framework; path = System/Library/Frameworks/MobileCoreServices.framework; sourceTree = SDKROOT; };
		BDFF50CC16E64571009ED9AE /* libz.dylib */ = {isa = PBXFileReference; lastKnownFileType = "compiled.mach-o.dylib"; name = libz.dylib; path = usr/lib/libz.dylib; sourceTree = SDKROOT; };
		BDFF50D216E6498E009ED9AE /* CurrencyKeys.plist */ = {isa = PBXFileReference; fileEncoding = 4; lastKnownFileType = text.plist.xml; path = CurrencyKeys.plist; sourceTree = "<group>"; };
/* End PBXFileReference section */

/* Begin PBXFrameworksBuildPhase section */
		BDFF507216E5D72C009ED9AE /* Frameworks */ = {
			isa = PBXFrameworksBuildPhase;
			buildActionMask = 2147483647;
			files = (
				BD42A3FB16EFBDD6002FFF6E /* CoreText.framework in Frameworks */,
				BDFF50CD16E64571009ED9AE /* libz.dylib in Frameworks */,
				BDFF507D16E5D72C009ED9AE /* CoreGraphics.framework in Frameworks */,
				BDFF50CB16E64553009ED9AE /* MobileCoreServices.framework in Frameworks */,
				BDFF50C916E6454C009ED9AE /* SystemConfiguration.framework in Frameworks */,
				BDFF50C716E6441B009ED9AE /* CFNetwork.framework in Frameworks */,
				BDFF507916E5D72C009ED9AE /* UIKit.framework in Frameworks */,
				BDFF507B16E5D72C009ED9AE /* Foundation.framework in Frameworks */,
				16F0BEE3FDF14806AC454839 /* libPods.a in Frameworks */,
			);
			runOnlyForDeploymentPostprocessing = 0;
		};
/* End PBXFrameworksBuildPhase section */

/* Begin PBXGroup section */
		BD8545EB16FDF7650096D6E7 /* Resources */ = {
			isa = PBXGroup;
			children = (
				BDC1DC38173EB8130057BC7F /* Default-568h@2x.png */,
				BD84A0ED16FFA38C001BB4D2 /* Icon.png */,
				BD84A0EE16FFA38C001BB4D2 /* Icon@2x.png */,
			);
			path = Resources;
			sourceTree = "<group>";
		};
		BDFF506C16E5D72C009ED9AE = {
			isa = PBXGroup;
			children = (
				BDFF507E16E5D72C009ED9AE /* CurrencyApp */,
				BDFF507716E5D72C009ED9AE /* Frameworks */,
				BDFF507616E5D72C009ED9AE /* Products */,
				9497B61955BA44EEB08338A3 /* Pods.xcconfig */,
			);
			sourceTree = "<group>";
		};
		BDFF507616E5D72C009ED9AE /* Products */ = {
			isa = PBXGroup;
			children = (
				BDFF507516E5D72C009ED9AE /* CurrencyApp.app */,
			);
			name = Products;
			sourceTree = "<group>";
		};
		BDFF507716E5D72C009ED9AE /* Frameworks */ = {
			isa = PBXGroup;
			children = (
				BDFF50CC16E64571009ED9AE /* libz.dylib */,
				BDFF50C616E6441B009ED9AE /* CFNetwork.framework */,
				BDFF507816E5D72C009ED9AE /* UIKit.framework */,
				BDFF507A16E5D72C009ED9AE /* Foundation.framework */,
				BDFF50CA16E64553009ED9AE /* MobileCoreServices.framework */,
				BDFF50C816E6454C009ED9AE /* SystemConfiguration.framework */,
				BDFF507C16E5D72C009ED9AE /* CoreGraphics.framework */,
				BD42A3FC16EFBE13002FFF6E /* QuartzCore.framework */,
				BD42A3FA16EFBDD6002FFF6E /* CoreText.framework */,
				27DE1EDCF0A9430699DC95EA /* libPods.a */,
			);
			name = Frameworks;
			sourceTree = "<group>";
		};
		BDFF507E16E5D72C009ED9AE /* CurrencyApp */ = {
			isa = PBXGroup;
			children = (
				BD8545EB16FDF7650096D6E7 /* Resources */,
				BD80E3F316FA254A00CB9ED6 /* LDNavigationBar.h */,
				BD80E3F416FA254A00CB9ED6 /* LDNavigationBar.m */,
				BDFF508716E5D72C009ED9AE /* LDAppDelegate.h */,
				BDFF508816E5D72C009ED9AE /* LDAppDelegate.m */,
				BDC1DC33173EB2B10057BC7F /* LDViewController.h */,
				BDC1DC34173EB2B10057BC7F /* LDViewController.m */,
				BDFF509E16E5E00F009ED9AE /* LDCurrencyCell.h */,
				BDFF509F16E5E010009ED9AE /* LDCurrencyCell.m */,
				BD29686516ECA6BA009D6397 /* LDHeadCell.h */,
				BD29686616ECA6BA009D6397 /* LDHeadCell.m */,
				BDBF7899174280B100A92BEC /* LDHelper.h */,
				BDFF507F16E5D72C009ED9AE /* Supporting Files */,
				BDFF50D216E6498E009ED9AE /* CurrencyKeys.plist */,
				BDCA395D16F7030C008ACE8B /* InfoPlist.strings */,
			);
			path = CurrencyApp;
			sourceTree = "<group>";
		};
		BDFF507F16E5D72C009ED9AE /* Supporting Files */ = {
			isa = PBXGroup;
			children = (
				BDFF508016E5D72C009ED9AE /* CurrencyApp-Info.plist */,
				BDFF508116E5D72C009ED9AE /* InfoPlist.strings */,
				BDFF508416E5D72C009ED9AE /* main.m */,
				BDFF508616E5D72C009ED9AE /* CurrencyApp-Prefix.pch */,
			);
			name = "Supporting Files";
			sourceTree = "<group>";
		};
/* End PBXGroup section */

/* Begin PBXNativeTarget section */
		BDFF507416E5D72C009ED9AE /* CurrencyApp */ = {
			isa = PBXNativeTarget;
			buildConfigurationList = BDFF509B16E5D72D009ED9AE /* Build configuration list for PBXNativeTarget "CurrencyApp" */;
			buildPhases = (
				B0C3062B78704771B65D9F66 /* Check Pods Manifest.lock */,
				BDFF507116E5D72C009ED9AE /* Sources */,
				BDFF507216E5D72C009ED9AE /* Frameworks */,
				BDFF507316E5D72C009ED9AE /* Resources */,
				68B39A1A0E8D46AC8B30F3BB /* Copy Pods Resources */,
			);
			buildRules = (
			);
			dependencies = (
			);
			name = CurrencyApp;
			productName = CurrencyApp;
			productReference = BDFF507516E5D72C009ED9AE /* CurrencyApp.app */;
			productType = "com.apple.product-type.application";
		};
/* End PBXNativeTarget section */

/* Begin PBXProject section */
		BDFF506D16E5D72C009ED9AE /* Project object */ = {
			isa = PBXProject;
			attributes = {
				CLASSPREFIX = LD;
				LastUpgradeCheck = 0460;
				ORGANIZATIONNAME = "LYFORD INTERNATIONAL TRADING PORT PTY.LTD";
			};
			buildConfigurationList = BDFF507016E5D72C009ED9AE /* Build configuration list for PBXProject "CurrencyApp" */;
			compatibilityVersion = "Xcode 3.2";
			developmentRegion = English;
			hasScannedForEncodings = 0;
			knownRegions = (
				en,
			);
			mainGroup = BDFF506C16E5D72C009ED9AE;
			productRefGroup = BDFF507616E5D72C009ED9AE /* Products */;
			projectDirPath = "";
			projectRoot = "";
			targets = (
				BDFF507416E5D72C009ED9AE /* CurrencyApp */,
			);
		};
/* End PBXProject section */

/* Begin PBXResourcesBuildPhase section */
		BDFF507316E5D72C009ED9AE /* Resources */ = {
			isa = PBXResourcesBuildPhase;
			buildActionMask = 2147483647;
			files = (
				BDFF508316E5D72C009ED9AE /* InfoPlist.strings in Resources */,
				BDFF50D316E6498E009ED9AE /* CurrencyKeys.plist in Resources */,
				BDCA395E16F7030C008ACE8B /* InfoPlist.strings in Resources */,
				BD84A0EF16FFA38C001BB4D2 /* Icon.png in Resources */,
				BD84A0F016FFA38C001BB4D2 /* Icon@2x.png in Resources */,
				BDC1DC39173EB8130057BC7F /* Default-568h@2x.png in Resources */,
			);
			runOnlyForDeploymentPostprocessing = 0;
		};
/* End PBXResourcesBuildPhase section */

/* Begin PBXShellScriptBuildPhase section */
		68B39A1A0E8D46AC8B30F3BB /* Copy Pods Resources */ = {
			isa = PBXShellScriptBuildPhase;
			buildActionMask = 2147483647;
			files = (
			);
			inputPaths = (
			);
			name = "Copy Pods Resources";
			outputPaths = (
			);
			runOnlyForDeploymentPostprocessing = 0;
			shellPath = /bin/sh;
			shellScript = "\"${SRCROOT}/Pods/Pods-resources.sh\"\n";
		};
		B0C3062B78704771B65D9F66 /* Check Pods Manifest.lock */ = {
			isa = PBXShellScriptBuildPhase;
			buildActionMask = 2147483647;
			files = (
			);
			inputPaths = (
			);
			name = "Check Pods Manifest.lock";
			outputPaths = (
			);
			runOnlyForDeploymentPostprocessing = 0;
			shellPath = /bin/sh;
			shellScript = "diff \"${PODS_ROOT}/../Podfile.lock\" \"${PODS_ROOT}/Manifest.lock\" > /dev/null\nif [[ $? != 0 ]] ; then\n    cat << EOM\nerror: The sandbox is not in sync with the Podfile.lock. Run 'pod install' or update your CocoaPods installation.\nEOM\n    exit 1\nfi\n";
		};
/* End PBXShellScriptBuildPhase section */

/* Begin PBXSourcesBuildPhase section */
		BDFF507116E5D72C009ED9AE /* Sources */ = {
			isa = PBXSourcesBuildPhase;
			buildActionMask = 2147483647;
			files = (
				BDFF508516E5D72C009ED9AE /* main.m in Sources */,
				BDFF508916E5D72C009ED9AE /* LDAppDelegate.m in Sources */,
				BDFF50A016E5E010009ED9AE /* LDCurrencyCell.m in Sources */,
				BD29686716ECA6BA009D6397 /* LDHeadCell.m in Sources */,
				BD80E3F516FA254A00CB9ED6 /* LDNavigationBar.m in Sources */,
				BDC1DC35173EB2B10057BC7F /* LDViewController.m in Sources */,
			);
			runOnlyForDeploymentPostprocessing = 0;
		};
/* End PBXSourcesBuildPhase section */

/* Begin PBXVariantGroup section */
		BDFF508116E5D72C009ED9AE /* InfoPlist.strings */ = {
			isa = PBXVariantGroup;
			children = (
				BDFF508216E5D72C009ED9AE /* en */,
			);
			name = InfoPlist.strings;
			sourceTree = "<group>";
		};
/* End PBXVariantGroup section */

/* Begin XCBuildConfiguration section */
		BDFF509916E5D72D009ED9AE /* Debug */ = {
			isa = XCBuildConfiguration;
			buildSettings = {
				ALWAYS_SEARCH_USER_PATHS = NO;
				CLANG_CXX_LANGUAGE_STANDARD = "gnu++0x";
				CLANG_CXX_LIBRARY = "libc++";
				CLANG_WARN_CONSTANT_CONVERSION = YES;
				CLANG_WARN_EMPTY_BODY = YES;
				CLANG_WARN_ENUM_CONVERSION = YES;
				CLANG_WARN_INT_CONVERSION = YES;
				CLANG_WARN__DUPLICATE_METHOD_MATCH = YES;
				CODE_SIGN_IDENTITY = "iPhone Developer";
				"CODE_SIGN_IDENTITY[sdk=iphoneos*]" = "iPhone Developer";
				COPY_PHASE_STRIP = NO;
				GCC_C_LANGUAGE_STANDARD = gnu99;
				GCC_DYNAMIC_NO_PIC = NO;
				GCC_OPTIMIZATION_LEVEL = 0;
				GCC_PREPROCESSOR_DEFINITIONS = (
					"DEBUG=1",
					"$(inherited)",
				);
				GCC_SYMBOLS_PRIVATE_EXTERN = NO;
				GCC_WARN_ABOUT_RETURN_TYPE = YES;
				GCC_WARN_UNINITIALIZED_AUTOS = YES;
				GCC_WARN_UNUSED_VARIABLE = YES;
				IPHONEOS_DEPLOYMENT_TARGET = 5.1;
				ONLY_ACTIVE_ARCH = YES;
				PROVISIONING_PROFILE = "";
				SDKROOT = iphoneos;
				TARGETED_DEVICE_FAMILY = "1,2";
			};
			name = Debug;
		};
		BDFF509A16E5D72D009ED9AE /* Release */ = {
			isa = XCBuildConfiguration;
			buildSettings = {
				ALWAYS_SEARCH_USER_PATHS = NO;
				CLANG_CXX_LANGUAGE_STANDARD = "gnu++0x";
				CLANG_CXX_LIBRARY = "libc++";
				CLANG_WARN_CONSTANT_CONVERSION = YES;
				CLANG_WARN_EMPTY_BODY = YES;
				CLANG_WARN_ENUM_CONVERSION = YES;
				CLANG_WARN_INT_CONVERSION = YES;
				CLANG_WARN__DUPLICATE_METHOD_MATCH = YES;
				CODE_SIGN_IDENTITY = "iPhone Distribution";
				"CODE_SIGN_IDENTITY[sdk=iphoneos*]" = "iPhone Distribution";
				COPY_PHASE_STRIP = YES;
				GCC_C_LANGUAGE_STANDARD = gnu99;
				GCC_WARN_ABOUT_RETURN_TYPE = YES;
				GCC_WARN_UNINITIALIZED_AUTOS = YES;
				GCC_WARN_UNUSED_VARIABLE = YES;
				IPHONEOS_DEPLOYMENT_TARGET = 5.1;
				OTHER_CFLAGS = "-DNS_BLOCK_ASSERTIONS=1";
				PROVISIONING_PROFILE = "";
				"PROVISIONING_PROFILE[sdk=iphoneos*]" = "";
				SDKROOT = iphoneos;
				TARGETED_DEVICE_FAMILY = "1,2";
				VALIDATE_PRODUCT = YES;
			};
			name = Release;
		};
		BDFF509C16E5D72D009ED9AE /* Debug */ = {
			isa = XCBuildConfiguration;
			baseConfigurationReference = 9497B61955BA44EEB08338A3 /* Pods.xcconfig */;
			buildSettings = {
				GCC_PRECOMPILE_PREFIX_HEADER = YES;
				GCC_PREFIX_HEADER = "CurrencyApp/CurrencyApp-Prefix.pch";
				INFOPLIST_FILE = "CurrencyApp/CurrencyApp-Info.plist";
				PRODUCT_NAME = "$(TARGET_NAME)";
				TARGETED_DEVICE_FAMILY = 1;
				WRAPPER_EXTENSION = app;
			};
			name = Debug;
		};
		BDFF509D16E5D72D009ED9AE /* Release */ = {
			isa = XCBuildConfiguration;
			baseConfigurationReference = 9497B61955BA44EEB08338A3 /* Pods.xcconfig */;
			buildSettings = {
				GCC_PRECOMPILE_PREFIX_HEADER = YES;
				GCC_PREFIX_HEADER = "CurrencyApp/CurrencyApp-Prefix.pch";
				INFOPLIST_FILE = "CurrencyApp/CurrencyApp-Info.plist";
				PRODUCT_NAME = "$(TARGET_NAME)";
				TARGETED_DEVICE_FAMILY = 1;
				WRAPPER_EXTENSION = app;
			};
			name = Release;
		};
/* End XCBuildConfiguration section */

/* Begin XCConfigurationList section */
		BDFF507016E5D72C009ED9AE /* Build configuration list for PBXProject "CurrencyApp" */ = {
			isa = XCConfigurationList;
			buildConfigurations = (
				BDFF509916E5D72D009ED9AE /* Debug */,
				BDFF509A16E5D72D009ED9AE /* Release */,
			);
			defaultConfigurationIsVisible = 0;
			defaultConfigurationName = Release;
		};
		BDFF509B16E5D72D009ED9AE /* Build configuration list for PBXNativeTarget "CurrencyApp" */ = {
			isa = XCConfigurationList;
			buildConfigurations = (
				BDFF509C16E5D72D009ED9AE /* Debug */,
				BDFF509D16E5D72D009ED9AE /* Release */,
			);
			defaultConfigurationIsVisible = 0;
			defaultConfigurationName = Release;
		};
/* End XCConfigurationList section */
	};
	rootObject = BDFF506D16E5D72C009ED9AE /* Project object */;
}
