<?xml version="1.0" encoding="UTF-8"?>
<!DOCTYPE plist PUBLIC "-//Apple//DTD PLIST 1.0//EN" "http://www.apple.com/DTDs/PropertyList-1.0.dtd">
<plist version="1.0">
<dict>
	<key>archiveVersion</key>
	<string>1</string>
	<key>classes</key>
	<dict/>
	<key>objectVersion</key>
	<string>46</string>
	<key>objects</key>
	<dict>
		<key>16F0BEE3FDF14806AC454839</key>
		<dict>
			<key>fileRef</key>
			<string>27DE1EDCF0A9430699DC95EA</string>
			<key>isa</key>
			<string>PBXBuildFile</string>
			<key>settings</key>
			<dict/>
		</dict>
		<key>27DE1EDCF0A9430699DC95EA</key>
		<dict>
			<key>explicitFileType</key>
			<string>archive.ar</string>
			<key>includeInIndex</key>
			<string>0</string>
			<key>isa</key>
			<string>PBXFileReference</string>
			<key>name</key>
			<string>libPods.a</string>
			<key>path</key>
			<string>libPods.a</string>
			<key>sourceTree</key>
			<string>BUILT_PRODUCTS_DIR</string>
		</dict>
		<key>68B39A1A0E8D46AC8B30F3BB</key>
		<dict>
			<key>buildActionMask</key>
			<string>2147483647</string>
			<key>files</key>
			<array/>
			<key>inputPaths</key>
			<array/>
			<key>isa</key>
			<string>PBXShellScriptBuildPhase</string>
			<key>name</key>
			<string>Copy Pods Resources</string>
			<key>outputPaths</key>
			<array/>
			<key>runOnlyForDeploymentPostprocessing</key>
			<string>0</string>
			<key>shellPath</key>
			<string>/bin/sh</string>
			<key>shellScript</key>
			<string>"${SRCROOT}/Pods/Pods-resources.sh"
</string>
			<key>showEnvVarsInLog</key>
			<string>1</string>
		</dict>
		<key>9497B61955BA44EEB08338A3</key>
		<dict>
			<key>includeInIndex</key>
			<string>1</string>
			<key>isa</key>
			<string>PBXFileReference</string>
			<key>lastKnownFileType</key>
			<string>text.xcconfig</string>
			<key>name</key>
			<string>Pods.xcconfig</string>
			<key>path</key>
			<string>Pods/Pods.xcconfig</string>
			<key>sourceTree</key>
			<string>SOURCE_ROOT</string>
		</dict>
		<key>B0C3062B78704771B65D9F66</key>
		<dict>
			<key>buildActionMask</key>
			<string>2147483647</string>
			<key>files</key>
			<array/>
			<key>inputPaths</key>
			<array/>
			<key>isa</key>
			<string>PBXShellScriptBuildPhase</string>
			<key>name</key>
			<string>Check Pods Manifest.lock</string>
			<key>outputPaths</key>
			<array/>
			<key>runOnlyForDeploymentPostprocessing</key>
			<string>0</string>
			<key>shellPath</key>
			<string>/bin/sh</string>
			<key>shellScript</key>
			<string>diff "${PODS_ROOT}/../Podfile.lock" "${PODS_ROOT}/Manifest.lock" &gt; /dev/null
if [[ $? != 0 ]] ; then
    cat &lt;&lt; EOM
error: The sandbox is not in sync with the Podfile.lock. Run 'pod install' or update your CocoaPods installation.
EOM
    exit 1
fi
</string>
			<key>showEnvVarsInLog</key>
			<string>1</string>
		</dict>
		<key>BD29686516ECA6BA009D6397</key>
		<dict>
			<key>fileEncoding</key>
			<string>4</string>
			<key>isa</key>
			<string>PBXFileReference</string>
			<key>lastKnownFileType</key>
			<string>sourcecode.c.h</string>
			<key>path</key>
			<string>LDHeadCell.h</string>
			<key>sourceTree</key>
			<string>&lt;group&gt;</string>
		</dict>
		<key>BD29686616ECA6BA009D6397</key>
		<dict>
			<key>fileEncoding</key>
			<string>4</string>
			<key>isa</key>
			<string>PBXFileReference</string>
			<key>lastKnownFileType</key>
			<string>sourcecode.c.objc</string>
			<key>path</key>
			<string>LDHeadCell.m</string>
			<key>sourceTree</key>
			<string>&lt;group&gt;</string>
		</dict>
		<key>BD29686716ECA6BA009D6397</key>
		<dict>
			<key>fileRef</key>
			<string>BD29686616ECA6BA009D6397</string>
			<key>isa</key>
			<string>PBXBuildFile</string>
		</dict>
		<key>BD42A3FA16EFBDD6002FFF6E</key>
		<dict>
			<key>isa</key>
			<string>PBXFileReference</string>
			<key>lastKnownFileType</key>
			<string>wrapper.framework</string>
			<key>name</key>
			<string>CoreText.framework</string>
			<key>path</key>
			<string>System/Library/Frameworks/CoreText.framework</string>
			<key>sourceTree</key>
			<string>SDKROOT</string>
		</dict>
		<key>BD42A3FB16EFBDD6002FFF6E</key>
		<dict>
			<key>fileRef</key>
			<string>BD42A3FA16EFBDD6002FFF6E</string>
			<key>isa</key>
			<string>PBXBuildFile</string>
		</dict>
		<key>BD42A3FC16EFBE13002FFF6E</key>
		<dict>
			<key>isa</key>
			<string>PBXFileReference</string>
			<key>lastKnownFileType</key>
			<string>wrapper.framework</string>
			<key>name</key>
			<string>QuartzCore.framework</string>
			<key>path</key>
			<string>System/Library/Frameworks/QuartzCore.framework</string>
			<key>sourceTree</key>
			<string>SDKROOT</string>
		</dict>
		<key>BD42A3FE16EFC9AA002FFF6E</key>
		<dict>
			<key>fileEncoding</key>
			<string>4</string>
			<key>isa</key>
			<string>PBXFileReference</string>
			<key>lastKnownFileType</key>
			<string>sourcecode.c.h</string>
			<key>path</key>
			<string>RTLabel.h</string>
			<key>sourceTree</key>
			<string>&lt;group&gt;</string>
		</dict>
		<key>BD42A3FF16EFC9AA002FFF6E</key>
		<dict>
			<key>fileEncoding</key>
			<string>4</string>
			<key>isa</key>
			<string>PBXFileReference</string>
			<key>lastKnownFileType</key>
			<string>sourcecode.c.objc</string>
			<key>path</key>
			<string>RTLabel.m</string>
			<key>sourceTree</key>
			<string>&lt;group&gt;</string>
		</dict>
		<key>BD42A40016EFC9AA002FFF6E</key>
		<dict>
			<key>fileRef</key>
			<string>BD42A3FF16EFC9AA002FFF6E</string>
			<key>isa</key>
			<string>PBXBuildFile</string>
		</dict>
		<key>BD80E3F316FA254A00CB9ED6</key>
		<dict>
			<key>fileEncoding</key>
			<string>4</string>
			<key>isa</key>
			<string>PBXFileReference</string>
			<key>lastKnownFileType</key>
			<string>sourcecode.c.h</string>
			<key>path</key>
			<string>LDNavigationBar.h</string>
			<key>sourceTree</key>
			<string>&lt;group&gt;</string>
		</dict>
		<key>BD80E3F416FA254A00CB9ED6</key>
		<dict>
			<key>fileEncoding</key>
			<string>4</string>
			<key>isa</key>
			<string>PBXFileReference</string>
			<key>lastKnownFileType</key>
			<string>sourcecode.c.objc</string>
			<key>path</key>
			<string>LDNavigationBar.m</string>
			<key>sourceTree</key>
			<string>&lt;group&gt;</string>
		</dict>
		<key>BD80E3F516FA254A00CB9ED6</key>
		<dict>
			<key>fileRef</key>
			<string>BD80E3F416FA254A00CB9ED6</string>
			<key>isa</key>
			<string>PBXBuildFile</string>
		</dict>
		<key>BD84A0ED16FFA38C001BB4D2</key>
		<dict>
			<key>isa</key>
			<string>PBXFileReference</string>
			<key>lastKnownFileType</key>
			<string>image.png</string>
			<key>path</key>
			<string>Icon.png</string>
			<key>sourceTree</key>
			<string>&lt;group&gt;</string>
		</dict>
		<key>BD84A0EE16FFA38C001BB4D2</key>
		<dict>
			<key>isa</key>
			<string>PBXFileReference</string>
			<key>lastKnownFileType</key>
			<string>image.png</string>
			<key>path</key>
			<string>Icon@2x.png</string>
			<key>sourceTree</key>
			<string>&lt;group&gt;</string>
		</dict>
		<key>BD84A0EF16FFA38C001BB4D2</key>
		<dict>
			<key>fileRef</key>
			<string>BD84A0ED16FFA38C001BB4D2</string>
			<key>isa</key>
			<string>PBXBuildFile</string>
		</dict>
		<key>BD84A0F016FFA38C001BB4D2</key>
		<dict>
			<key>fileRef</key>
			<string>BD84A0EE16FFA38C001BB4D2</string>
			<key>isa</key>
			<string>PBXBuildFile</string>
		</dict>
		<key>BD8545EB16FDF7650096D6E7</key>
		<dict>
			<key>children</key>
			<array>
				<string>BDC1DC38173EB8130057BC7F</string>
				<string>BD84A0ED16FFA38C001BB4D2</string>
				<string>BD84A0EE16FFA38C001BB4D2</string>
				<string>BD8545EE16FDF7650096D6E7</string>
				<string>BD8545EF16FDF7650096D6E7</string>
			</array>
			<key>isa</key>
			<string>PBXGroup</string>
			<key>path</key>
			<string>Resources</string>
			<key>sourceTree</key>
			<string>&lt;group&gt;</string>
		</dict>
		<key>BD8545EE16FDF7650096D6E7</key>
		<dict>
			<key>isa</key>
			<string>PBXFileReference</string>
			<key>lastKnownFileType</key>
			<string>image.png</string>
			<key>path</key>
			<string>NavBarBg.png</string>
			<key>sourceTree</key>
			<string>&lt;group&gt;</string>
		</dict>
		<key>BD8545EF16FDF7650096D6E7</key>
		<dict>
			<key>isa</key>
			<string>PBXFileReference</string>
			<key>lastKnownFileType</key>
			<string>image.png</string>
			<key>path</key>
			<string>NavBarBg@2x.png</string>
			<key>sourceTree</key>
			<string>&lt;group&gt;</string>
		</dict>
		<key>BD8545F216FDF7650096D6E7</key>
		<dict>
			<key>fileRef</key>
			<string>BD8545EE16FDF7650096D6E7</string>
			<key>isa</key>
			<string>PBXBuildFile</string>
		</dict>
		<key>BD8545F316FDF7650096D6E7</key>
		<dict>
			<key>fileRef</key>
			<string>BD8545EF16FDF7650096D6E7</string>
			<key>isa</key>
			<string>PBXBuildFile</string>
		</dict>
		<key>BDBF7899174280B100A92BEC</key>
		<dict>
			<key>fileEncoding</key>
			<string>4</string>
			<key>isa</key>
			<string>PBXFileReference</string>
			<key>lastKnownFileType</key>
			<string>sourcecode.c.h</string>
			<key>path</key>
			<string>LDHelper.h</string>
			<key>sourceTree</key>
			<string>&lt;group&gt;</string>
		</dict>
		<key>BDC1DC33173EB2B10057BC7F</key>
		<dict>
			<key>fileEncoding</key>
			<string>4</string>
			<key>isa</key>
			<string>PBXFileReference</string>
			<key>lastKnownFileType</key>
			<string>sourcecode.c.h</string>
			<key>path</key>
			<string>LDMainViewController.h</string>
			<key>sourceTree</key>
			<string>&lt;group&gt;</string>
		</dict>
		<key>BDC1DC34173EB2B10057BC7F</key>
		<dict>
			<key>fileEncoding</key>
			<string>4</string>
			<key>isa</key>
			<string>PBXFileReference</string>
			<key>lastKnownFileType</key>
			<string>sourcecode.c.objc</string>
			<key>path</key>
			<string>LDMainViewController.m</string>
			<key>sourceTree</key>
			<string>&lt;group&gt;</string>
		</dict>
		<key>BDC1DC35173EB2B10057BC7F</key>
		<dict>
			<key>fileRef</key>
			<string>BDC1DC34173EB2B10057BC7F</string>
			<key>isa</key>
			<string>PBXBuildFile</string>
		</dict>
		<key>BDC1DC38173EB8130057BC7F</key>
		<dict>
			<key>isa</key>
			<string>PBXFileReference</string>
			<key>lastKnownFileType</key>
			<string>image.png</string>
			<key>path</key>
			<string>Default-568h@2x.png</string>
			<key>sourceTree</key>
			<string>&lt;group&gt;</string>
		</dict>
		<key>BDC1DC39173EB8130057BC7F</key>
		<dict>
			<key>fileRef</key>
			<string>BDC1DC38173EB8130057BC7F</string>
			<key>isa</key>
			<string>PBXBuildFile</string>
		</dict>
		<key>BDCA395D16F7030C008ACE8B</key>
		<dict>
			<key>fileEncoding</key>
			<string>4</string>
			<key>isa</key>
			<string>PBXFileReference</string>
			<key>lastKnownFileType</key>
			<string>text.plist.strings</string>
			<key>path</key>
			<string>InfoPlist.strings</string>
			<key>sourceTree</key>
			<string>&lt;group&gt;</string>
		</dict>
		<key>BDCA395E16F7030C008ACE8B</key>
		<dict>
			<key>fileRef</key>
			<string>BDCA395D16F7030C008ACE8B</string>
			<key>isa</key>
			<string>PBXBuildFile</string>
		</dict>
		<key>BDCA395F16F9876A008ACE8B</key>
		<dict>
			<key>fileEncoding</key>
			<string>4</string>
			<key>isa</key>
			<string>PBXFileReference</string>
			<key>lastKnownFileType</key>
			<string>sourcecode.c.h</string>
			<key>path</key>
			<string>UINavigationBar+Customized.h</string>
			<key>sourceTree</key>
			<string>&lt;group&gt;</string>
		</dict>
		<key>BDCA396016F9876A008ACE8B</key>
		<dict>
			<key>fileEncoding</key>
			<string>4</string>
			<key>isa</key>
			<string>PBXFileReference</string>
			<key>lastKnownFileType</key>
			<string>sourcecode.c.objc</string>
			<key>path</key>
			<string>UINavigationBar+Customized.m</string>
			<key>sourceTree</key>
			<string>&lt;group&gt;</string>
		</dict>
		<key>BDCA396116F9876A008ACE8B</key>
		<dict>
			<key>fileRef</key>
			<string>BDCA396016F9876A008ACE8B</string>
			<key>isa</key>
			<string>PBXBuildFile</string>
		</dict>
		<key>BDFF506C16E5D72C009ED9AE</key>
		<dict>
			<key>children</key>
			<array>
				<string>BDFF507E16E5D72C009ED9AE</string>
				<string>BDFF507716E5D72C009ED9AE</string>
				<string>BDFF507616E5D72C009ED9AE</string>
				<string>9497B61955BA44EEB08338A3</string>
			</array>
			<key>isa</key>
			<string>PBXGroup</string>
			<key>sourceTree</key>
			<string>&lt;group&gt;</string>
		</dict>
		<key>BDFF506D16E5D72C009ED9AE</key>
		<dict>
			<key>attributes</key>
			<dict>
				<key>CLASSPREFIX</key>
				<string>LD</string>
				<key>LastUpgradeCheck</key>
				<string>0460</string>
				<key>ORGANIZATIONNAME</key>
				<string>LYFORD INTERNATIONAL TRADING PORT PTY.LTD</string>
			</dict>
			<key>buildConfigurationList</key>
			<string>BDFF507016E5D72C009ED9AE</string>
			<key>compatibilityVersion</key>
			<string>Xcode 3.2</string>
			<key>developmentRegion</key>
			<string>English</string>
			<key>hasScannedForEncodings</key>
			<string>0</string>
			<key>isa</key>
			<string>PBXProject</string>
			<key>knownRegions</key>
			<array>
				<string>en</string>
			</array>
			<key>mainGroup</key>
			<string>BDFF506C16E5D72C009ED9AE</string>
			<key>productRefGroup</key>
			<string>BDFF507616E5D72C009ED9AE</string>
			<key>projectDirPath</key>
			<string></string>
			<key>projectReferences</key>
			<array/>
			<key>projectRoot</key>
			<string></string>
			<key>targets</key>
			<array>
				<string>BDFF507416E5D72C009ED9AE</string>
			</array>
		</dict>
		<key>BDFF507016E5D72C009ED9AE</key>
		<dict>
			<key>buildConfigurations</key>
			<array>
				<string>BDFF509916E5D72D009ED9AE</string>
				<string>BDFF509A16E5D72D009ED9AE</string>
			</array>
			<key>defaultConfigurationIsVisible</key>
			<string>0</string>
			<key>defaultConfigurationName</key>
			<string>Release</string>
			<key>isa</key>
			<string>XCConfigurationList</string>
		</dict>
		<key>BDFF507116E5D72C009ED9AE</key>
		<dict>
			<key>buildActionMask</key>
			<string>2147483647</string>
			<key>files</key>
			<array>
				<string>BDFF508516E5D72C009ED9AE</string>
				<string>BDFF508916E5D72C009ED9AE</string>
				<string>BDFF50A016E5E010009ED9AE</string>
				<string>BD29686716ECA6BA009D6397</string>
				<string>BD42A40016EFC9AA002FFF6E</string>
				<string>BDCA396116F9876A008ACE8B</string>
				<string>BD80E3F516FA254A00CB9ED6</string>
				<string>BDC1DC35173EB2B10057BC7F</string>
			</array>
			<key>isa</key>
			<string>PBXSourcesBuildPhase</string>
			<key>runOnlyForDeploymentPostprocessing</key>
			<string>0</string>
		</dict>
		<key>BDFF507216E5D72C009ED9AE</key>
		<dict>
			<key>buildActionMask</key>
			<string>2147483647</string>
			<key>files</key>
			<array>
				<string>BD42A3FB16EFBDD6002FFF6E</string>
				<string>BDFF50CD16E64571009ED9AE</string>
				<string>BDFF507D16E5D72C009ED9AE</string>
				<string>BDFF50CB16E64553009ED9AE</string>
				<string>BDFF50C916E6454C009ED9AE</string>
				<string>BDFF50C716E6441B009ED9AE</string>
				<string>BDFF507916E5D72C009ED9AE</string>
				<string>BDFF507B16E5D72C009ED9AE</string>
				<string>16F0BEE3FDF14806AC454839</string>
			</array>
			<key>isa</key>
			<string>PBXFrameworksBuildPhase</string>
			<key>runOnlyForDeploymentPostprocessing</key>
			<string>0</string>
		</dict>
		<key>BDFF507316E5D72C009ED9AE</key>
		<dict>
			<key>buildActionMask</key>
			<string>2147483647</string>
			<key>files</key>
			<array>
				<string>BDFF508316E5D72C009ED9AE</string>
				<string>BDFF50D316E6498E009ED9AE</string>
				<string>BDCA395E16F7030C008ACE8B</string>
				<string>BD8545F216FDF7650096D6E7</string>
				<string>BD8545F316FDF7650096D6E7</string>
				<string>BD84A0EF16FFA38C001BB4D2</string>
				<string>BD84A0F016FFA38C001BB4D2</string>
				<string>BDC1DC39173EB8130057BC7F</string>
			</array>
			<key>isa</key>
			<string>PBXResourcesBuildPhase</string>
			<key>runOnlyForDeploymentPostprocessing</key>
			<string>0</string>
		</dict>
		<key>BDFF507416E5D72C009ED9AE</key>
		<dict>
			<key>buildConfigurationList</key>
			<string>BDFF509B16E5D72D009ED9AE</string>
			<key>buildPhases</key>
			<array>
				<string>B0C3062B78704771B65D9F66</string>
				<string>BDFF507116E5D72C009ED9AE</string>
				<string>BDFF507216E5D72C009ED9AE</string>
				<string>BDFF507316E5D72C009ED9AE</string>
				<string>68B39A1A0E8D46AC8B30F3BB</string>
			</array>
			<key>buildRules</key>
			<array/>
			<key>dependencies</key>
			<array/>
			<key>isa</key>
			<string>PBXNativeTarget</string>
			<key>name</key>
			<string>CurrencyApp</string>
			<key>productName</key>
			<string>CurrencyApp</string>
			<key>productReference</key>
			<string>BDFF507516E5D72C009ED9AE</string>
			<key>productType</key>
			<string>com.apple.product-type.application</string>
		</dict>
		<key>BDFF507516E5D72C009ED9AE</key>
		<dict>
			<key>explicitFileType</key>
			<string>wrapper.application</string>
			<key>includeInIndex</key>
			<string>0</string>
			<key>isa</key>
			<string>PBXFileReference</string>
			<key>path</key>
			<string>CurrencyApp.app</string>
			<key>sourceTree</key>
			<string>BUILT_PRODUCTS_DIR</string>
		</dict>
		<key>BDFF507616E5D72C009ED9AE</key>
		<dict>
			<key>children</key>
			<array>
				<string>BDFF507516E5D72C009ED9AE</string>
			</array>
			<key>isa</key>
			<string>PBXGroup</string>
			<key>name</key>
			<string>Products</string>
			<key>sourceTree</key>
			<string>&lt;group&gt;</string>
		</dict>
		<key>BDFF507716E5D72C009ED9AE</key>
		<dict>
			<key>children</key>
			<array>
				<string>BDFF50CC16E64571009ED9AE</string>
				<string>BDFF50C616E6441B009ED9AE</string>
				<string>BDFF507816E5D72C009ED9AE</string>
				<string>BDFF507A16E5D72C009ED9AE</string>
				<string>BDFF50CA16E64553009ED9AE</string>
				<string>BDFF50C816E6454C009ED9AE</string>
				<string>BDFF507C16E5D72C009ED9AE</string>
				<string>BD42A3FC16EFBE13002FFF6E</string>
				<string>BD42A3FA16EFBDD6002FFF6E</string>
				<string>27DE1EDCF0A9430699DC95EA</string>
			</array>
			<key>isa</key>
			<string>PBXGroup</string>
			<key>name</key>
			<string>Frameworks</string>
			<key>sourceTree</key>
			<string>&lt;group&gt;</string>
		</dict>
		<key>BDFF507816E5D72C009ED9AE</key>
		<dict>
			<key>isa</key>
			<string>PBXFileReference</string>
			<key>lastKnownFileType</key>
			<string>wrapper.framework</string>
			<key>name</key>
			<string>UIKit.framework</string>
			<key>path</key>
			<string>System/Library/Frameworks/UIKit.framework</string>
			<key>sourceTree</key>
			<string>SDKROOT</string>
		</dict>
		<key>BDFF507916E5D72C009ED9AE</key>
		<dict>
			<key>fileRef</key>
			<string>BDFF507816E5D72C009ED9AE</string>
			<key>isa</key>
			<string>PBXBuildFile</string>
		</dict>
		<key>BDFF507A16E5D72C009ED9AE</key>
		<dict>
			<key>isa</key>
			<string>PBXFileReference</string>
			<key>lastKnownFileType</key>
			<string>wrapper.framework</string>
			<key>name</key>
			<string>Foundation.framework</string>
			<key>path</key>
			<string>System/Library/Frameworks/Foundation.framework</string>
			<key>sourceTree</key>
			<string>SDKROOT</string>
		</dict>
		<key>BDFF507B16E5D72C009ED9AE</key>
		<dict>
			<key>fileRef</key>
			<string>BDFF507A16E5D72C009ED9AE</string>
			<key>isa</key>
			<string>PBXBuildFile</string>
		</dict>
		<key>BDFF507C16E5D72C009ED9AE</key>
		<dict>
			<key>isa</key>
			<string>PBXFileReference</string>
			<key>lastKnownFileType</key>
			<string>wrapper.framework</string>
			<key>name</key>
			<string>CoreGraphics.framework</string>
			<key>path</key>
			<string>System/Library/Frameworks/CoreGraphics.framework</string>
			<key>sourceTree</key>
			<string>SDKROOT</string>
		</dict>
		<key>BDFF507D16E5D72C009ED9AE</key>
		<dict>
			<key>fileRef</key>
			<string>BDFF507C16E5D72C009ED9AE</string>
			<key>isa</key>
			<string>PBXBuildFile</string>
		</dict>
		<key>BDFF507E16E5D72C009ED9AE</key>
		<dict>
			<key>children</key>
			<array>
				<string>BD8545EB16FDF7650096D6E7</string>
				<string>BD80E3F316FA254A00CB9ED6</string>
				<string>BD80E3F416FA254A00CB9ED6</string>
				<string>BDCA395F16F9876A008ACE8B</string>
				<string>BDCA396016F9876A008ACE8B</string>
				<string>BDFF508716E5D72C009ED9AE</string>
				<string>BDFF508816E5D72C009ED9AE</string>
				<string>BDC1DC33173EB2B10057BC7F</string>
				<string>BDC1DC34173EB2B10057BC7F</string>
				<string>BDFF509E16E5E00F009ED9AE</string>
				<string>BDFF509F16E5E010009ED9AE</string>
				<string>BD29686516ECA6BA009D6397</string>
				<string>BD29686616ECA6BA009D6397</string>
				<string>BD42A3FE16EFC9AA002FFF6E</string>
				<string>BD42A3FF16EFC9AA002FFF6E</string>
				<string>BDBF7899174280B100A92BEC</string>
				<string>BDFF507F16E5D72C009ED9AE</string>
				<string>BDFF50D216E6498E009ED9AE</string>
				<string>BDCA395D16F7030C008ACE8B</string>
			</array>
			<key>isa</key>
			<string>PBXGroup</string>
			<key>path</key>
			<string>CurrencyApp</string>
			<key>sourceTree</key>
			<string>&lt;group&gt;</string>
		</dict>
		<key>BDFF507F16E5D72C009ED9AE</key>
		<dict>
			<key>children</key>
			<array>
				<string>BDFF508016E5D72C009ED9AE</string>
				<string>BDFF508116E5D72C009ED9AE</string>
				<string>BDFF508416E5D72C009ED9AE</string>
				<string>BDFF508616E5D72C009ED9AE</string>
			</array>
			<key>isa</key>
			<string>PBXGroup</string>
			<key>name</key>
			<string>Supporting Files</string>
			<key>sourceTree</key>
			<string>&lt;group&gt;</string>
		</dict>
		<key>BDFF508016E5D72C009ED9AE</key>
		<dict>
			<key>isa</key>
			<string>PBXFileReference</string>
			<key>lastKnownFileType</key>
			<string>text.plist.xml</string>
			<key>path</key>
			<string>CurrencyApp-Info.plist</string>
			<key>sourceTree</key>
			<string>&lt;group&gt;</string>
		</dict>
		<key>BDFF508116E5D72C009ED9AE</key>
		<dict>
			<key>children</key>
			<array>
				<string>BDFF508216E5D72C009ED9AE</string>
			</array>
			<key>isa</key>
			<string>PBXVariantGroup</string>
			<key>name</key>
			<string>InfoPlist.strings</string>
			<key>sourceTree</key>
			<string>&lt;group&gt;</string>
		</dict>
		<key>BDFF508216E5D72C009ED9AE</key>
		<dict>
			<key>isa</key>
			<string>PBXFileReference</string>
			<key>lastKnownFileType</key>
			<string>text.plist.strings</string>
			<key>name</key>
			<string>en</string>
			<key>path</key>
			<string>en.lproj/InfoPlist.strings</string>
			<key>sourceTree</key>
			<string>&lt;group&gt;</string>
		</dict>
		<key>BDFF508316E5D72C009ED9AE</key>
		<dict>
			<key>fileRef</key>
			<string>BDFF508116E5D72C009ED9AE</string>
			<key>isa</key>
			<string>PBXBuildFile</string>
		</dict>
		<key>BDFF508416E5D72C009ED9AE</key>
		<dict>
			<key>isa</key>
			<string>PBXFileReference</string>
			<key>lastKnownFileType</key>
			<string>sourcecode.c.objc</string>
			<key>path</key>
			<string>main.m</string>
			<key>sourceTree</key>
			<string>&lt;group&gt;</string>
		</dict>
		<key>BDFF508516E5D72C009ED9AE</key>
		<dict>
			<key>fileRef</key>
			<string>BDFF508416E5D72C009ED9AE</string>
			<key>isa</key>
			<string>PBXBuildFile</string>
		</dict>
		<key>BDFF508616E5D72C009ED9AE</key>
		<dict>
			<key>isa</key>
			<string>PBXFileReference</string>
			<key>lastKnownFileType</key>
			<string>sourcecode.c.h</string>
			<key>path</key>
			<string>CurrencyApp-Prefix.pch</string>
			<key>sourceTree</key>
			<string>&lt;group&gt;</string>
		</dict>
		<key>BDFF508716E5D72C009ED9AE</key>
		<dict>
			<key>isa</key>
			<string>PBXFileReference</string>
			<key>lastKnownFileType</key>
			<string>sourcecode.c.h</string>
			<key>path</key>
			<string>LDAppDelegate.h</string>
			<key>sourceTree</key>
			<string>&lt;group&gt;</string>
		</dict>
		<key>BDFF508816E5D72C009ED9AE</key>
		<dict>
			<key>isa</key>
			<string>PBXFileReference</string>
			<key>lastKnownFileType</key>
			<string>sourcecode.c.objc</string>
			<key>path</key>
			<string>LDAppDelegate.m</string>
			<key>sourceTree</key>
			<string>&lt;group&gt;</string>
		</dict>
		<key>BDFF508916E5D72C009ED9AE</key>
		<dict>
			<key>fileRef</key>
			<string>BDFF508816E5D72C009ED9AE</string>
			<key>isa</key>
			<string>PBXBuildFile</string>
		</dict>
		<key>BDFF509916E5D72D009ED9AE</key>
		<dict>
			<key>buildSettings</key>
			<dict>
				<key>ALWAYS_SEARCH_USER_PATHS</key>
				<string>NO</string>
				<key>CLANG_CXX_LANGUAGE_STANDARD</key>
				<string>gnu++0x</string>
				<key>CLANG_CXX_LIBRARY</key>
				<string>libc++</string>
				<key>CLANG_WARN_CONSTANT_CONVERSION</key>
				<string>YES</string>
				<key>CLANG_WARN_EMPTY_BODY</key>
				<string>YES</string>
				<key>CLANG_WARN_ENUM_CONVERSION</key>
				<string>YES</string>
				<key>CLANG_WARN_INT_CONVERSION</key>
				<string>YES</string>
				<key>CLANG_WARN__DUPLICATE_METHOD_MATCH</key>
				<string>YES</string>
				<key>CODE_SIGN_IDENTITY[sdk=iphoneos*]</key>
				<string>iPhone Developer</string>
				<key>COPY_PHASE_STRIP</key>
				<string>NO</string>
				<key>GCC_C_LANGUAGE_STANDARD</key>
				<string>gnu99</string>
				<key>GCC_DYNAMIC_NO_PIC</key>
				<string>NO</string>
				<key>GCC_OPTIMIZATION_LEVEL</key>
				<string>0</string>
				<key>GCC_PREPROCESSOR_DEFINITIONS</key>
				<array>
					<string>DEBUG=1</string>
					<string>$(inherited)</string>
				</array>
				<key>GCC_SYMBOLS_PRIVATE_EXTERN</key>
				<string>NO</string>
				<key>GCC_WARN_ABOUT_RETURN_TYPE</key>
				<string>YES</string>
				<key>GCC_WARN_UNINITIALIZED_AUTOS</key>
				<string>YES</string>
				<key>GCC_WARN_UNUSED_VARIABLE</key>
				<string>YES</string>
				<key>IPHONEOS_DEPLOYMENT_TARGET</key>
				<string>5.1</string>
				<key>ONLY_ACTIVE_ARCH</key>
				<string>YES</string>
				<key>SDKROOT</key>
				<string>iphoneos</string>
				<key>TARGETED_DEVICE_FAMILY</key>
				<string>1,2</string>
			</dict>
			<key>isa</key>
			<string>XCBuildConfiguration</string>
			<key>name</key>
			<string>Debug</string>
		</dict>
		<key>BDFF509A16E5D72D009ED9AE</key>
		<dict>
			<key>buildSettings</key>
			<dict>
				<key>ALWAYS_SEARCH_USER_PATHS</key>
				<string>NO</string>
				<key>CLANG_CXX_LANGUAGE_STANDARD</key>
				<string>gnu++0x</string>
				<key>CLANG_CXX_LIBRARY</key>
				<string>libc++</string>
				<key>CLANG_WARN_CONSTANT_CONVERSION</key>
				<string>YES</string>
				<key>CLANG_WARN_EMPTY_BODY</key>
				<string>YES</string>
				<key>CLANG_WARN_ENUM_CONVERSION</key>
				<string>YES</string>
				<key>CLANG_WARN_INT_CONVERSION</key>
				<string>YES</string>
				<key>CLANG_WARN__DUPLICATE_METHOD_MATCH</key>
				<string>YES</string>
				<key>CODE_SIGN_IDENTITY[sdk=iphoneos*]</key>
				<string>iPhone Distribution: LYFORD INTERNATIONAL TRADING PORT PTY.LTD</string>
				<key>COPY_PHASE_STRIP</key>
				<string>YES</string>
				<key>GCC_C_LANGUAGE_STANDARD</key>
				<string>gnu99</string>
				<key>GCC_WARN_ABOUT_RETURN_TYPE</key>
				<string>YES</string>
				<key>GCC_WARN_UNINITIALIZED_AUTOS</key>
				<string>YES</string>
				<key>GCC_WARN_UNUSED_VARIABLE</key>
				<string>YES</string>
				<key>IPHONEOS_DEPLOYMENT_TARGET</key>
				<string>5.1</string>
				<key>OTHER_CFLAGS</key>
				<string>-DNS_BLOCK_ASSERTIONS=1</string>
				<key>PROVISIONING_PROFILE[sdk=iphoneos*]</key>
				<string>0C83EB16-7C16-4B41-8D8A-ED55A0C8029E</string>
				<key>SDKROOT</key>
				<string>iphoneos</string>
				<key>TARGETED_DEVICE_FAMILY</key>
				<string>1,2</string>
				<key>VALIDATE_PRODUCT</key>
				<string>YES</string>
			</dict>
			<key>isa</key>
			<string>XCBuildConfiguration</string>
			<key>name</key>
			<string>Release</string>
		</dict>
		<key>BDFF509B16E5D72D009ED9AE</key>
		<dict>
			<key>buildConfigurations</key>
			<array>
				<string>BDFF509C16E5D72D009ED9AE</string>
				<string>BDFF509D16E5D72D009ED9AE</string>
			</array>
			<key>defaultConfigurationIsVisible</key>
			<string>0</string>
			<key>defaultConfigurationName</key>
			<string>Release</string>
			<key>isa</key>
			<string>XCConfigurationList</string>
		</dict>
		<key>BDFF509C16E5D72D009ED9AE</key>
		<dict>
			<key>baseConfigurationReference</key>
			<string>9497B61955BA44EEB08338A3</string>
			<key>buildSettings</key>
			<dict>
				<key>GCC_PRECOMPILE_PREFIX_HEADER</key>
				<string>YES</string>
				<key>GCC_PREFIX_HEADER</key>
				<string>CurrencyApp/CurrencyApp-Prefix.pch</string>
				<key>INFOPLIST_FILE</key>
				<string>CurrencyApp/CurrencyApp-Info.plist</string>
				<key>PRODUCT_NAME</key>
				<string>$(TARGET_NAME)</string>
				<key>TARGETED_DEVICE_FAMILY</key>
				<string>1</string>
				<key>WRAPPER_EXTENSION</key>
				<string>app</string>
			</dict>
			<key>isa</key>
			<string>XCBuildConfiguration</string>
			<key>name</key>
			<string>Debug</string>
		</dict>
		<key>BDFF509D16E5D72D009ED9AE</key>
		<dict>
			<key>baseConfigurationReference</key>
			<string>9497B61955BA44EEB08338A3</string>
			<key>buildSettings</key>
			<dict>
				<key>GCC_PRECOMPILE_PREFIX_HEADER</key>
				<string>YES</string>
				<key>GCC_PREFIX_HEADER</key>
				<string>CurrencyApp/CurrencyApp-Prefix.pch</string>
				<key>INFOPLIST_FILE</key>
				<string>CurrencyApp/CurrencyApp-Info.plist</string>
				<key>PRODUCT_NAME</key>
				<string>$(TARGET_NAME)</string>
				<key>TARGETED_DEVICE_FAMILY</key>
				<string>1</string>
				<key>WRAPPER_EXTENSION</key>
				<string>app</string>
			</dict>
			<key>isa</key>
			<string>XCBuildConfiguration</string>
			<key>name</key>
			<string>Release</string>
		</dict>
		<key>BDFF509E16E5E00F009ED9AE</key>
		<dict>
			<key>fileEncoding</key>
			<string>4</string>
			<key>isa</key>
			<string>PBXFileReference</string>
			<key>lastKnownFileType</key>
			<string>sourcecode.c.h</string>
			<key>path</key>
			<string>LDCurrencyCell.h</string>
			<key>sourceTree</key>
			<string>&lt;group&gt;</string>
		</dict>
		<key>BDFF509F16E5E010009ED9AE</key>
		<dict>
			<key>fileEncoding</key>
			<string>4</string>
			<key>isa</key>
			<string>PBXFileReference</string>
			<key>lastKnownFileType</key>
			<string>sourcecode.c.objc</string>
			<key>path</key>
			<string>LDCurrencyCell.m</string>
			<key>sourceTree</key>
			<string>&lt;group&gt;</string>
		</dict>
		<key>BDFF50A016E5E010009ED9AE</key>
		<dict>
			<key>fileRef</key>
			<string>BDFF509F16E5E010009ED9AE</string>
			<key>isa</key>
			<string>PBXBuildFile</string>
		</dict>
		<key>BDFF50C616E6441B009ED9AE</key>
		<dict>
			<key>isa</key>
			<string>PBXFileReference</string>
			<key>lastKnownFileType</key>
			<string>wrapper.framework</string>
			<key>name</key>
			<string>CFNetwork.framework</string>
			<key>path</key>
			<string>System/Library/Frameworks/CFNetwork.framework</string>
			<key>sourceTree</key>
			<string>SDKROOT</string>
		</dict>
		<key>BDFF50C716E6441B009ED9AE</key>
		<dict>
			<key>fileRef</key>
			<string>BDFF50C616E6441B009ED9AE</string>
			<key>isa</key>
			<string>PBXBuildFile</string>
		</dict>
		<key>BDFF50C816E6454C009ED9AE</key>
		<dict>
			<key>isa</key>
			<string>PBXFileReference</string>
			<key>lastKnownFileType</key>
			<string>wrapper.framework</string>
			<key>name</key>
			<string>SystemConfiguration.framework</string>
			<key>path</key>
			<string>System/Library/Frameworks/SystemConfiguration.framework</string>
			<key>sourceTree</key>
			<string>SDKROOT</string>
		</dict>
		<key>BDFF50C916E6454C009ED9AE</key>
		<dict>
			<key>fileRef</key>
			<string>BDFF50C816E6454C009ED9AE</string>
			<key>isa</key>
			<string>PBXBuildFile</string>
		</dict>
		<key>BDFF50CA16E64553009ED9AE</key>
		<dict>
			<key>isa</key>
			<string>PBXFileReference</string>
			<key>lastKnownFileType</key>
			<string>wrapper.framework</string>
			<key>name</key>
			<string>MobileCoreServices.framework</string>
			<key>path</key>
			<string>System/Library/Frameworks/MobileCoreServices.framework</string>
			<key>sourceTree</key>
			<string>SDKROOT</string>
		</dict>
		<key>BDFF50CB16E64553009ED9AE</key>
		<dict>
			<key>fileRef</key>
			<string>BDFF50CA16E64553009ED9AE</string>
			<key>isa</key>
			<string>PBXBuildFile</string>
		</dict>
		<key>BDFF50CC16E64571009ED9AE</key>
		<dict>
			<key>isa</key>
			<string>PBXFileReference</string>
			<key>lastKnownFileType</key>
			<string>compiled.mach-o.dylib</string>
			<key>name</key>
			<string>libz.dylib</string>
			<key>path</key>
			<string>usr/lib/libz.dylib</string>
			<key>sourceTree</key>
			<string>SDKROOT</string>
		</dict>
		<key>BDFF50CD16E64571009ED9AE</key>
		<dict>
			<key>fileRef</key>
			<string>BDFF50CC16E64571009ED9AE</string>
			<key>isa</key>
			<string>PBXBuildFile</string>
		</dict>
		<key>BDFF50D216E6498E009ED9AE</key>
		<dict>
			<key>fileEncoding</key>
			<string>4</string>
			<key>isa</key>
			<string>PBXFileReference</string>
			<key>lastKnownFileType</key>
			<string>text.plist.xml</string>
			<key>path</key>
			<string>CurrencyKeys.plist</string>
			<key>sourceTree</key>
			<string>&lt;group&gt;</string>
		</dict>
		<key>BDFF50D316E6498E009ED9AE</key>
		<dict>
			<key>fileRef</key>
			<string>BDFF50D216E6498E009ED9AE</string>
			<key>isa</key>
			<string>PBXBuildFile</string>
		</dict>
	</dict>
	<key>rootObject</key>
	<string>BDFF506D16E5D72C009ED9AE</string>
</dict>
</plist>
